// !$*UTF8*$!
{
	archiveVersion = 1;
	classes = {
	};
	objectVersion = 50;
	objects = {

/* Begin PBXBuildFile section */
		42EACA24220B510A0097C89F /* AppDelegate.swift in Sources */ = {isa = PBXBuildFile; fileRef = 42EACA23220B510A0097C89F /* AppDelegate.swift */; };
		42EACA26220B510A0097C89F /* MasterViewController.swift in Sources */ = {isa = PBXBuildFile; fileRef = 42EACA25220B510A0097C89F /* MasterViewController.swift */; };
		42EACA28220B510A0097C89F /* DetailViewController.swift in Sources */ = {isa = PBXBuildFile; fileRef = 42EACA27220B510A0097C89F /* DetailViewController.swift */; };
		42EACA2B220B510A0097C89F /* Main.storyboard in Resources */ = {isa = PBXBuildFile; fileRef = 42EACA29220B510A0097C89F /* Main.storyboard */; };
		42EACA2D220B510C0097C89F /* Assets.xcassets in Resources */ = {isa = PBXBuildFile; fileRef = 42EACA2C220B510C0097C89F /* Assets.xcassets */; };
		42EACA30220B510C0097C89F /* LaunchScreen.storyboard in Resources */ = {isa = PBXBuildFile; fileRef = 42EACA2E220B510C0097C89F /* LaunchScreen.storyboard */; };
		42EACA38220B51860097C89F /* Assignments.swift in Sources */ = {isa = PBXBuildFile; fileRef = 42EACA37220B51860097C89F /* Assignments.swift */; };
/* End PBXBuildFile section */

/* Begin PBXFileReference section */
		42EACA20220B510A0097C89F /* AssignmentNotebook.app */ = {isa = PBXFileReference; explicitFileType = wrapper.application; includeInIndex = 0; path = AssignmentNotebook.app; sourceTree = BUILT_PRODUCTS_DIR; };
		42EACA23220B510A0097C89F /* AppDelegate.swift */ = {isa = PBXFileReference; lastKnownFileType = sourcecode.swift; path = AppDelegate.swift; sourceTree = "<group>"; };
		42EACA25220B510A0097C89F /* MasterViewController.swift */ = {isa = PBXFileReference; lastKnownFileType = sourcecode.swift; path = MasterViewController.swift; sourceTree = "<group>"; };
		42EACA27220B510A0097C89F /* DetailViewController.swift */ = {isa = PBXFileReference; lastKnownFileType = sourcecode.swift; path = DetailViewController.swift; sourceTree = "<group>"; };
		42EACA2A220B510A0097C89F /* Base */ = {isa = PBXFileReference; lastKnownFileType = file.storyboard; name = Base; path = Base.lproj/Main.storyboard; sourceTree = "<group>"; };
		42EACA2C220B510C0097C89F /* Assets.xcassets */ = {isa = PBXFileReference; lastKnownFileType = folder.assetcatalog; path = Assets.xcassets; sourceTree = "<group>"; };
		42EACA2F220B510C0097C89F /* Base */ = {isa = PBXFileReference; lastKnownFileType = file.storyboard; name = Base; path = Base.lproj/LaunchScreen.storyboard; sourceTree = "<group>"; };
		42EACA31220B510C0097C89F /* Info.plist */ = {isa = PBXFileReference; lastKnownFileType = text.plist.xml; path = Info.plist; sourceTree = "<group>"; };
		42EACA37220B51860097C89F /* Assignments.swift */ = {isa = PBXFileReference; lastKnownFileType = sourcecode.swift; path = Assignments.swift; sourceTree = "<group>"; };
/* End PBXFileReference section */

/* Begin PBXFrameworksBuildPhase section */
		42EACA1D220B510A0097C89F /* Frameworks */ = {
			isa = PBXFrameworksBuildPhase;
			buildActionMask = 2147483647;
			files = (
			);
			runOnlyForDeploymentPostprocessing = 0;
		};
/* End PBXFrameworksBuildPhase section */

/* Begin PBXGroup section */
		42EACA17220B510A0097C89F = {
			isa = PBXGroup;
			children = (
				42EACA22220B510A0097C89F /* AssignmentNotebook */,
				42EACA21220B510A0097C89F /* Products */,
			);
			sourceTree = "<group>";
		};
		42EACA21220B510A0097C89F /* Products */ = {
			isa = PBXGroup;
			children = (
				42EACA20220B510A0097C89F /* AssignmentNotebook.app */,
			);
			name = Products;
			sourceTree = "<group>";
		};
		42EACA22220B510A0097C89F /* AssignmentNotebook */ = {
			isa = PBXGroup;
			children = (
				42EACA23220B510A0097C89F /* AppDelegate.swift */,
				42EACA25220B510A0097C89F /* MasterViewController.swift */,
				42EACA27220B510A0097C89F /* DetailViewController.swift */,
				42EACA29220B510A0097C89F /* Main.storyboard */,
				42EACA37220B51860097C89F /* Assignments.swift */,
				42EACA2C220B510C0097C89F /* Assets.xcassets */,
				42EACA2E220B510C0097C89F /* LaunchScreen.storyboard */,
				42EACA31220B510C0097C89F /* Info.plist */,
			);
			path = AssignmentNotebook;
			sourceTree = "<group>";
		};
/* End PBXGroup section */

/* Begin PBXNativeTarget section */
		42EACA1F220B510A0097C89F /* AssignmentNotebook */ = {
			isa = PBXNativeTarget;
			buildConfigurationList = 42EACA34220B510C0097C89F /* Build configuration list for PBXNativeTarget "AssignmentNotebook" */;
			buildPhases = (
				42EACA1C220B510A0097C89F /* Sources */,
				42EACA1D220B510A0097C89F /* Frameworks */,
				42EACA1E220B510A0097C89F /* Resources */,
			);
			buildRules = (
			);
			dependencies = (
			);
			name = AssignmentNotebook;
			productName = AssignmentNotebook;
			productReference = 42EACA20220B510A0097C89F /* AssignmentNotebook.app */;
			productType = "com.apple.product-type.application";
		};
/* End PBXNativeTarget section */

/* Begin PBXProject section */
		42EACA18220B510A0097C89F /* Project object */ = {
			isa = PBXProject;
			attributes = {
				LastSwiftUpdateCheck = 1000;
				LastUpgradeCheck = 1000;
				ORGANIZATIONNAME = SomeAweApps;
				TargetAttributes = {
					42EACA1F220B510A0097C89F = {
						CreatedOnToolsVersion = 10.0;
					};
				};
			};
			buildConfigurationList = 42EACA1B220B510A0097C89F /* Build configuration list for PBXProject "AssignmentNotebook" */;
			compatibilityVersion = "Xcode 9.3";
			developmentRegion = en;
			hasScannedForEncodings = 0;
			knownRegions = (
				en,
				Base,
			);
			mainGroup = 42EACA17220B510A0097C89F;
			productRefGroup = 42EACA21220B510A0097C89F /* Products */;
			projectDirPath = "";
			projectRoot = "";
			targets = (
				42EACA1F220B510A0097C89F /* AssignmentNotebook */,
			);
		};
/* End PBXProject section */

/* Begin PBXResourcesBuildPhase section */
		42EACA1E220B510A0097C89F /* Resources */ = {
			isa = PBXResourcesBuildPhase;
			buildActionMask = 2147483647;
			files = (
				42EACA30220B510C0097C89F /* LaunchScreen.storyboard in Resources */,
				42EACA2D220B510C0097C89F /* Assets.xcassets in Resources */,
				42EACA2B220B510A0097C89F /* Main.storyboard in Resources */,
			);
			runOnlyForDeploymentPostprocessing = 0;
		};
/* End PBXResourcesBuildPhase section */

/* Begin PBXSourcesBuildPhase section */
		42EACA1C220B510A0097C89F /* Sources */ = {
			isa = PBXSourcesBuildPhase;
			buildActionMask = 2147483647;
			files = (
				42EACA38220B51860097C89F /* Assignments.swift in Sources */,
				42EACA28220B510A0097C89F /* DetailViewController.swift in Sources */,
				42EACA26220B510A0097C89F /* MasterViewController.swift in Sources */,
				42EACA24220B510A0097C89F /* AppDelegate.swift in Sources */,
			);
			runOnlyForDeploymentPostprocessing = 0;
		};
/* End PBXSourcesBuildPhase section */

/* Begin PBXVariantGroup section */
		42EACA29220B510A0097C89F /* Main.storyboard */ = {
			isa = PBXVariantGroup;
			children = (
				42EACA2A220B510A0097C89F /* Base */,
			);
			name = Main.storyboard;
			sourceTree = "<group>";
		};
		42EACA2E220B510C0097C89F /* LaunchScreen.storyboard */ = {
			isa = PBXVariantGroup;
			children = (
				42EACA2F220B510C0097C89F /* Base */,
			);
			name = LaunchScreen.storyboard;
			sourceTree = "<group>";
		};
/* End PBXVariantGroup section */

/* Begin XCBuildConfiguration section */
		42EACA32220B510C0097C89F /* Debug */ = {
			isa = XCBuildConfiguration;
			buildSettings = {
				ALWAYS_SEARCH_USER_PATHS = NO;
				CLANG_ANALYZER_NONNULL = YES;
				CLANG_ANALYZER_NUMBER_OBJECT_CONVERSION = YES_AGGRESSIVE;
				CLANG_CXX_LANGUAGE_STANDARD = "gnu++14";
				CLANG_CXX_LIBRARY = "libc++";
				CLANG_ENABLE_MODULES = YES;
				CLANG_ENABLE_OBJC_ARC = YES;
				CLANG_ENABLE_OBJC_WEAK = YES;
				CLANG_WARN_BLOCK_CAPTURE_AUTORELEASING = YES;
				CLANG_WARN_BOOL_CONVERSION = YES;
				CLANG_WARN_COMMA = YES;
				CLANG_WARN_CONSTANT_CONVERSION = YES;
				CLANG_WARN_DEPRECATED_OBJC_IMPLEMENTATIONS = YES;
				CLANG_WARN_DIRECT_OBJC_ISA_USAGE = YES_ERROR;
				CLANG_WARN_DOCUMENTATION_COMMENTS = YES;
				CLANG_WARN_EMPTY_BODY = YES;
				CLANG_WARN_ENUM_CONVERSION = YES;
				CLANG_WARN_INFINITE_RECURSION = YES;
				CLANG_WARN_INT_CONVERSION = YES;
				CLANG_WARN_NON_LITERAL_NULL_CONVERSION = YES;
				CLANG_WARN_OBJC_IMPLICIT_RETAIN_SELF = YES;
				CLANG_WARN_OBJC_LITERAL_CONVERSION = YES;
				CLANG_WARN_OBJC_ROOT_CLASS = YES_ERROR;
				CLANG_WARN_RANGE_LOOP_ANALYSIS = YES;
				CLANG_WARN_STRICT_PROTOTYPES = YES;
				CLANG_WARN_SUSPICIOUS_MOVE = YES;
				CLANG_WARN_UNGUARDED_AVAILABILITY = YES_AGGRESSIVE;
				CLANG_WARN_UNREACHABLE_CODE = YES;
				CLANG_WARN__DUPLICATE_METHOD_MATCH = YES;
				CODE_SIGN_IDENTITY = "iPhone Developer";
				COPY_PHASE_STRIP = NO;
				DEBUG_INFORMATION_FORMAT = dwarf;
				ENABLE_STRICT_OBJC_MSGSEND = YES;
				ENABLE_TESTABILITY = YES;
				GCC_C_LANGUAGE_STANDARD = gnu11;
				GCC_DYNAMIC_NO_PIC = NO;
				GCC_NO_COMMON_BLOCKS = YES;
				GCC_OPTIMIZATION_LEVEL = 0;
				GCC_PREPROCESSOR_DEFINITIONS = (
					"DEBUG=1",
					"$(inherited)",
				);
				GCC_WARN_64_TO_32_BIT_CONVERSION = YES;
				GCC_WARN_ABOUT_RETURN_TYPE = YES_ERROR;
				GCC_WARN_UNDECLARED_SELECTOR = YES;
				GCC_WARN_UNINITIALIZED_AUTOS = YES_AGGRESSIVE;
				GCC_WARN_UNUSED_FUNCTION = YES;
				GCC_WARN_UNUSED_VARIABLE = YES;
				IPHONEOS_DEPLOYMENT_TARGET = 12.0;
				MTL_ENABLE_DEBUG_INFO = INCLUDE_SOURCE;
				MTL_FAST_MATH = YES;
				ONLY_ACTIVE_ARCH = YES;
				SDKROOT = iphoneos;
				SWIFT_ACTIVE_COMPILATION_CONDITIONS = DEBUG;
				SWIFT_OPTIMIZATION_LEVEL = "-Onone";
			};
			name = Debug;
		};
		42EACA33220B510C0097C89F /* Release */ = {
			isa = XCBuildConfiguration;
			buildSettings = {
				ALWAYS_SEARCH_USER_PATHS = NO;
				CLANG_ANALYZER_NONNULL = YES;
				CLANG_ANALYZER_NUMBER_OBJECT_CONVERSION = YES_AGGRESSIVE;
				CLANG_CXX_LANGUAGE_STANDARD = "gnu++14";
				CLANG_CXX_LIBRARY = "libc++";
				CLANG_ENABLE_MODULES = YES;
				CLANG_ENABLE_OBJC_ARC = YES;
				CLANG_ENABLE_OBJC_WEAK = YES;
				CLANG_WARN_BLOCK_CAPTURE_AUTORELEASING = YES;
				CLANG_WARN_BOOL_CONVERSION = YES;
				CLANG_WARN_COMMA = YES;
				CLANG_WARN_CONSTANT_CONVERSION = YES;
				CLANG_WARN_DEPRECATED_OBJC_IMPLEMENTATIONS = YES;
				CLANG_WARN_DIRECT_OBJC_ISA_USAGE = YES_ERROR;
				CLANG_WARN_DOCUMENTATION_COMMENTS = YES;
				CLANG_WARN_EMPTY_BODY = YES;
				CLANG_WARN_ENUM_CONVERSION = YES;
				CLANG_WARN_INFINITE_RECURSION = YES;
				CLANG_WARN_INT_CONVERSION = YES;
				CLANG_WARN_NON_LITERAL_NULL_CONVERSION = YES;
				CLANG_WARN_OBJC_IMPLICIT_RETAIN_SELF = YES;
				CLANG_WARN_OBJC_LITERAL_CONVERSION = YES;
				CLANG_WARN_OBJC_ROOT_CLASS = YES_ERROR;
				CLANG_WARN_RANGE_LOOP_ANALYSIS = YES;
				CLANG_WARN_STRICT_PROTOTYPES = YES;
				CLANG_WARN_SUSPICIOUS_MOVE = YES;
				CLANG_WARN_UNGUARDED_AVAILABILITY = YES_AGGRESSIVE;
				CLANG_WARN_UNREACHABLE_CODE = YES;
				CLANG_WARN__DUPLICATE_METHOD_MATCH = YES;
				CODE_SIGN_IDENTITY = "iPhone Developer";
				COPY_PHASE_STRIP = NO;
				DEBUG_INFORMATION_FORMAT = "dwarf-with-dsym";
				ENABLE_NS_ASSERTIONS = NO;
				ENABLE_STRICT_OBJC_MSGSEND = YES;
				GCC_C_LANGUAGE_STANDARD = gnu11;
				GCC_NO_COMMON_BLOCKS = YES;
				GCC_WARN_64_TO_32_BIT_CONVERSION = YES;
				GCC_WARN_ABOUT_RETURN_TYPE = YES_ERROR;
				GCC_WARN_UNDECLARED_SELECTOR = YES;
				GCC_WARN_UNINITIALIZED_AUTOS = YES_AGGRESSIVE;
				GCC_WARN_UNUSED_FUNCTION = YES;
				GCC_WARN_UNUSED_VARIABLE = YES;
				IPHONEOS_DEPLOYMENT_TARGET = 12.0;
				MTL_ENABLE_DEBUG_INFO = NO;
				MTL_FAST_MATH = YES;
				SDKROOT = iphoneos;
				SWIFT_COMPILATION_MODE = wholemodule;
				SWIFT_OPTIMIZATION_LEVEL = "-O";
				VALIDATE_PRODUCT = YES;
			};
			name = Release;
		};
		42EACA35220B510C0097C89F /* Debug */ = {
			isa = XCBuildConfiguration;
			buildSettings = {
				ASSETCATALOG_COMPILER_APPICON_NAME = AppIcon;
				CODE_SIGN_STYLE = Automatic;
				DEVELOPMENT_TEAM = T2U53GFA9U;
				INFOPLIST_FILE = AssignmentNotebook/Info.plist;
				LD_RUNPATH_SEARCH_PATHS = (
					"$(inherited)",
					"@executable_path/Frameworks",
				);
				PRODUCT_BUNDLE_IDENTIFIER = start.AssignmentNotebook;
				PRODUCT_NAME = "$(TARGET_NAME)";
				SWIFT_VERSION = 4.2;
				TARGETED_DEVICE_FAMILY = "1,2";
			};
			name = Debug;
		};
		42EACA36220B510C0097C89F /* Release */ = {
			isa = XCBuildConfiguration;
			buildSettings = {
				ASSETCATALOG_COMPILER_APPICON_NAME = AppIcon;
				CODE_SIGN_STYLE = Automatic;
				DEVELOPMENT_TEAM = T2U53GFA9U;
				INFOPLIST_FILE = AssignmentNotebook/Info.plist;
				LD_RUNPATH_SEARCH_PATHS = (
					"$(inherited)",
					"@executable_path/Frameworks",
				);
				PRODUCT_BUNDLE_IDENTIFIER = start.AssignmentNotebook;
				PRODUCT_NAME = "$(TARGET_NAME)";
				SWIFT_VERSION = 4.2;
				TARGETED_DEVICE_FAMILY = "1,2";
			};
			name = Release;
		};
/* End XCBuildConfiguration section */

/* Begin XCConfigurationList section */
		42EACA1B220B510A0097C89F /* Build configuration list for PBXProject "AssignmentNotebook" */ = {
			isa = XCConfigurationList;
			buildConfigurations = (
				42EACA32220B510C0097C89F /* Debug */,
				42EACA33220B510C0097C89F /* Release */,
			);
			defaultConfigurationIsVisible = 0;
			defaultConfigurationName = Release;
		};
		42EACA34220B510C0097C89F /* Build configuration list for PBXNativeTarget "AssignmentNotebook" */ = {
			isa = XCConfigurationList;
			buildConfigurations = (
				42EACA35220B510C0097C89F /* Debug */,
				42EACA36220B510C0097C89F /* Release */,
			);
			defaultConfigurationIsVisible = 0;
			defaultConfigurationName = Release;
		};
/* End XCConfigurationList section */
	};
	rootObject = 42EACA18220B510A0097C89F /* Project object */;
}
